# THIS IS AN AUTOGENERATED FILE. DO NOT EDIT THIS FILE DIRECTLY.
# yarn lockfile v1


susy@^3.0.5:
  version "3.0.5"
  resolved "https://registry.yarnpkg.com/susy/-/susy-3.0.5.tgz#92167b47e60d0c03e93569fc8695c6fa2067ea7d"
  integrity sha512-Adc67mYO0n7eKn0lnyVOMN9lqA3JrHE/NAMfOQQnm2g8yvcZpmcrNfiHjfQXVodXdZE1PyluPnUjPhezaKGztA==
